
Microsoft Visual Studio Solution File, Format Version 12.00
# Visual Studio Version 16
VisualStudioVersion = 16.0.30907.101
MinimumVisualStudioVersion = 10.0.40219.1
Project("{FAE04EC0-301F-11D3-BF4B-00C04F79EFBC}") = "MyDictionary", "MyDictionary\MyDictionary.csproj", "{FEB87E44-A564-4787-B4E4-5012B139C0E1}"
EndProject
Global
	GlobalSection(SolutionConfigurationPlatforms) = preSolution
		Debug|Any CPU = Debug|Any CPU
		Release|Any CPU = Release|Any CPU
	EndGlobalSection
	GlobalSection(ProjectConfigurationPlatforms) = postSolution
		{FEB87E44-A564-4787-B4E4-5012B139C0E1}.Debug|Any CPU.ActiveCfg = Debug|Any CPU
		{FEB87E44-A564-4787-B4E4-5012B139C0E1}.Debug|Any CPU.Build.0 = Debug|Any CPU
		{FEB87E44-A564-4787-B4E4-5012B139C0E1}.Release|Any CPU.ActiveCfg = Release|Any CPU
		{FEB87E44-A564-4787-B4E4-5012B139C0E1}.Release|Any CPU.Build.0 = Release|Any CPU
	EndGlobalSection
	GlobalSection(SolutionProperties) = preSolution
		HideSolutionNode = FALSE
	EndGlobalSection
	GlobalSection(ExtensibilityGlobals) = postSolution
		SolutionGuid = {86FE1C1B-7C71-43C9-A25B-13F850FD14AB}
	EndGlobalSection
EndGlobal
